
Microsoft Visual Studio Solution File, Format Version 12.00
# Visual Studio 15
VisualStudioVersion = 15.0.28307.1705
MinimumVisualStudioVersion = 10.0.40219.1
Project("{FAE04EC0-301F-11D3-BF4B-00C04F79EFBC}") = "ClientProxyForm-P5-20190140103", "ClientProxyForm-P5-20190140103\ClientProxyForm-P5-20190140103.csproj", "{0CA524F6-43D6-4418-9444-AAFF7F116B50}"
EndProject
Global
	GlobalSection(SolutionConfigurationPlatforms) = preSolution
		Debug|Any CPU = Debug|Any CPU
		Release|Any CPU = Release|Any CPU
	EndGlobalSection
	GlobalSection(ProjectConfigurationPlatforms) = postSolution
		{0CA524F6-43D6-4418-9444-AAFF7F116B50}.Debug|Any CPU.ActiveCfg = Debug|Any CPU
		{0CA524F6-43D6-4418-9444-AAFF7F116B50}.Debug|Any CPU.Build.0 = Debug|Any CPU
		{0CA524F6-43D6-4418-9444-AAFF7F116B50}.Release|Any CPU.ActiveCfg = Release|Any CPU
		{0CA524F6-43D6-4418-9444-AAFF7F116B50}.Release|Any CPU.Build.0 = Release|Any CPU
	EndGlobalSection
	GlobalSection(SolutionProperties) = preSolution
		HideSolutionNode = FALSE
	EndGlobalSection
	GlobalSection(ExtensibilityGlobals) = postSolution
		SolutionGuid = {3260D9DD-6CCE-42EB-8BB1-3491568AC4DD}
	EndGlobalSection
EndGlobal
